{
  "requires": true,
  "lockfileVersion": 1,
  "dependencies": {
    "mock-socket": {
      "version": "7.0.0",
      "resolved": "https://registry.npmjs.org/mock-socket/-/mock-socket-7.0.0.tgz",
      "integrity": "sha512-GohaM2dP7ENhEWAK2B3tJPkXaELiTdabh3jteeCrIvntDVA4Gq9U1x0vXpHdfoPw8p0EHenlLTEbPSzH8bpjgA=="
    }
  }
}
