{
  "requires": true,
  "lockfileVersion": 1,
  "dependencies": {
    "mock-socket": {
      "version": "7.0.0",
      "resolved": "https://registry.npmjs.org/mock-socket/-/mock-socket-7.0.0.tgz",
      "integrity": "sha512-GohaM2dP7ENhEWAK2B3tJPkXaELiTdabh3jteeCrIvntDVA4Gq9U1x0vXpHdfoPw8p0EHenlLTEbPSzH8bpjgA=="
    },
    "rxjs": {
      "version": "5.5.2",
      "resolved": "https://registry.npmjs.org/rxjs/-/rxjs-5.5.2.tgz",
      "integrity": "sha512-oRYoIKWBU3Ic37fLA5VJu31VqQO4bWubRntcHSJ+cwaDQBwdnZ9x4zmhJfm/nFQ2E82/I4loSioHnACamrKGgA==",
      "dev": true,
      "requires": {
        "symbol-observable": "1.0.4"
      }
    },
    "symbol-observable": {
      "version": "1.0.4",
      "resolved": "https://registry.npmjs.org/symbol-observable/-/symbol-observable-1.0.4.tgz",
      "integrity": "sha1-Kb9hXUqnEhvdiYsi1LP5vE4qoD0=",
      "dev": true
    }
  }
}
